
Microsoft Visual Studio Solution File, Format Version 12.00
# Visual Studio Version 17
VisualStudioVersion = 17.11.35303.130
MinimumVisualStudioVersion = 10.0.40219.1
Project("{2150E333-8FDC-42A3-9474-1A3956D46DE8}") = "Task0", "Task0", "{10846D26-D2AE-4C1E-8A58-B29BA850C795}"
EndProject
Project("{9A19103F-16F7-4668-BE54-9A1E7A4F7556}") = "Tyuiu.NovikovAA.Sprint1.Task0.V7", "Tyuiu.NovikovAA.Sprint1.Task0.V7\Tyuiu.NovikovAA.Sprint1.Task0.V7.csproj", "{46790A0D-D39F-4453-B7C7-302E29D0737C}"
EndProject
Project("{9A19103F-16F7-4668-BE54-9A1E7A4F7556}") = "Tyuiu.NovikovAA.Sprint1.Task0.V7.Lib", "Tyuiu.NovikovAA.Sprint1.Task0.V7.Lib\Tyuiu.NovikovAA.Sprint1.Task0.V7.Lib.csproj", "{161E310F-1090-42A9-A7CC-5EBC8C826C9F}"
EndProject
Project("{9A19103F-16F7-4668-BE54-9A1E7A4F7556}") = "Tyuiu.NovikovAA.Sprint1.Task0.V7.Test", "Tyuiu.NovikovAA.Sprint1.Task0.V7.Test\Tyuiu.NovikovAA.Sprint1.Task0.V7.Test.csproj", "{DE2FACE2-5D11-4C1C-8829-5F7D49BFBF8E}"
EndProject
Project("{2150E333-8FDC-42A3-9474-1A3956D46DE8}") = "Task1", "Task1", "{8A81CB57-7E28-45E6-918D-CA2E4441740F}"
EndProject
Project("{9A19103F-16F7-4668-BE54-9A1E7A4F7556}") = "Tyuiu.NovikovAA.Sprint1.Task1.V16", "Tyuiu.NovikovAA.Sprint1.Task1.V16\Tyuiu.NovikovAA.Sprint1.Task1.V16.csproj", "{4256FFCA-02B1-4A6D-8B59-BFA88A828F17}"
EndProject
Project("{9A19103F-16F7-4668-BE54-9A1E7A4F7556}") = "Tyuiu.NovikovAA.Sprint1.Task1.V16.Lib", "Tyuiu.NovikovAA.Sprint1.Task1.V16.Lib\Tyuiu.NovikovAA.Sprint1.Task1.V16.Lib.csproj", "{C85EE8E6-9A47-43B0-B61C-19ADD8C9C465}"
EndProject
Project("{9A19103F-16F7-4668-BE54-9A1E7A4F7556}") = "Tyuiu.NovikovAA.Sprint1.Task1.V16.Test", "Tyuiu.NovikovAA.Sprint1.Task1.V16.Test\Tyuiu.NovikovAA.Sprint1.Task1.V16.Test.csproj", "{CC02FEB4-B587-47EC-9D1C-51938EC13C58}"
EndProject
Project("{2150E333-8FDC-42A3-9474-1A3956D46DE8}") = "Task2", "Task2", "{ADA8D7D2-DCD7-4F3D-85E5-0BFC21F6ED4F}"
EndProject
Project("{9A19103F-16F7-4668-BE54-9A1E7A4F7556}") = "Tyuiu.NovikovAA.Sprint1.Task2.V12.", "Tyuiu.NovikovAA.Sprint1.Task2.V12\Tyuiu.NovikovAA.Sprint1.Task2.V12..csproj", "{024B99C7-BE95-4152-890A-7981FC7D50BC}"
EndProject
Project("{9A19103F-16F7-4668-BE54-9A1E7A4F7556}") = "Tyuiu.NovikovAA.Sprint1.Task2.V12.Lib", "Tyuiu.NovikovAA.Sprint1.Task2.V12.Lib\Tyuiu.NovikovAA.Sprint1.Task2.V12.Lib.csproj", "{4A503E82-5F98-4C42-9DE7-4593984A116E}"
EndProject
Project("{9A19103F-16F7-4668-BE54-9A1E7A4F7556}") = "Tyuiu.NovikovAA.Sprint1.Task2.V12.Test", "Tyuiu.NovikovAA.Sprint1.Task2.V12.Test\Tyuiu.NovikovAA.Sprint1.Task2.V12.Test.csproj", "{CDFA76DF-DFBB-436E-B9EF-49F422F7CC4C}"
EndProject
Project("{2150E333-8FDC-42A3-9474-1A3956D46DE8}") = "Task3", "Task3", "{F032DFC6-0296-4241-81CA-08CFB2BB6D31}"
EndProject
Project("{9A19103F-16F7-4668-BE54-9A1E7A4F7556}") = "Tyuiu.NovikovAA.Sprint1.Task3.V14.", "Tyuiu.NovikovAA.Sprint1.Task3.V14\Tyuiu.NovikovAA.Sprint1.Task3.V14..csproj", "{CE539125-9CA6-4ED1-9398-9895F046DD86}"
EndProject
Project("{9A19103F-16F7-4668-BE54-9A1E7A4F7556}") = "Tyuiu.NovikovAA.Sprint1.Task3.V14.Lib", "Tyuiu.NovikovAA.Sprint1.Task3.V14.Lib\Tyuiu.NovikovAA.Sprint1.Task3.V14.Lib.csproj", "{168C96A7-39E1-411F-84FF-D2EFB910EA6C}"
EndProject
Project("{9A19103F-16F7-4668-BE54-9A1E7A4F7556}") = "Tyuiu.NovikovAA.Sprint1.Task3.V14.Test", "Tyuiu.NovikovAA.Sprint1.Task3.V14.Test\Tyuiu.NovikovAA.Sprint1.Task3.V14.Test.csproj", "{8B96946B-17A4-4DE4-8073-780EFF41B1D1}"
EndProject
Project("{2150E333-8FDC-42A3-9474-1A3956D46DE8}") = "Task4", "Task4", "{6212F9D1-EFE6-4407-964D-5CB16DCC3CCD}"
EndProject
Project("{9A19103F-16F7-4668-BE54-9A1E7A4F7556}") = "Tyuiu.NovikovAA.Sprint1.Task4.V30", "Tyuiu.NovikovAA.Sprint1.Task4.V30\Tyuiu.NovikovAA.Sprint1.Task4.V30.csproj", "{CEF2FF8D-36A4-43E4-A9FC-A5EA5D267887}"
EndProject
Project("{9A19103F-16F7-4668-BE54-9A1E7A4F7556}") = "Tyuiu.NovikovAA.Sprint1.Task4.V30.Lib", "Tyuiu.NovikovAA.Sprint1.Task4.V30.Lib\Tyuiu.NovikovAA.Sprint1.Task4.V30.Lib.csproj", "{65904AE4-552B-4372-AC27-A4E85FD61662}"
EndProject
Project("{9A19103F-16F7-4668-BE54-9A1E7A4F7556}") = "Tyuiu.NovikovAA.Sprint1.Task4.V30.Test", "Tyuiu.NovikovAA.Sprint1.Task4.V30.Test\Tyuiu.NovikovAA.Sprint1.Task4.V30.Test.csproj", "{1081FEAE-D670-4AA2-893B-A2FED43A0347}"
EndProject
Project("{2150E333-8FDC-42A3-9474-1A3956D46DE8}") = "Task5", "Task5", "{C55F93BA-36E9-4552-AA2D-5694B15C36E0}"
EndProject
Project("{FAE04EC0-301F-11D3-BF4B-00C04F79EFBC}") = "Tyuiu.NovikovAA.Sprint1.Task5.V5", "Tyuiu.NovikovAA.Sprint1.Task5.V5\Tyuiu.NovikovAA.Sprint1.Task5.V5.csproj", "{076B55DD-C4FB-42C6-86D0-A4829FD92EC1}"
EndProject
Project("{FAE04EC0-301F-11D3-BF4B-00C04F79EFBC}") = "Tyuiu.NovikovAA.Sprint1.Task5.V5.Lib", "Tyuiu.NovikovAA.Sprint1.Task5.V5.Lib\Tyuiu.NovikovAA.Sprint1.Task5.V5.Lib.csproj", "{DD629B3C-CAAD-4973-BF3A-5F78995C02F4}"
EndProject
Project("{FAE04EC0-301F-11D3-BF4B-00C04F79EFBC}") = "Tyuiu.NovikovAA.Sprint1.Task5.V5.Test", "Tyuiu.NovikovAA.Sprint1.Task5.V5.Test\Tyuiu.NovikovAA.Sprint1.Task5.V5.Test.csproj", "{0F9BB65F-B4C7-409B-B56F-5B239281851E}"
EndProject
Global
	GlobalSection(SolutionConfigurationPlatforms) = preSolution
		Debug|Any CPU = Debug|Any CPU
		Release|Any CPU = Release|Any CPU
	EndGlobalSection
	GlobalSection(ProjectConfigurationPlatforms) = postSolution
		{46790A0D-D39F-4453-B7C7-302E29D0737C}.Debug|Any CPU.ActiveCfg = Debug|Any CPU
		{46790A0D-D39F-4453-B7C7-302E29D0737C}.Debug|Any CPU.Build.0 = Debug|Any CPU
		{46790A0D-D39F-4453-B7C7-302E29D0737C}.Release|Any CPU.ActiveCfg = Release|Any CPU
		{46790A0D-D39F-4453-B7C7-302E29D0737C}.Release|Any CPU.Build.0 = Release|Any CPU
		{161E310F-1090-42A9-A7CC-5EBC8C826C9F}.Debug|Any CPU.ActiveCfg = Debug|Any CPU
		{161E310F-1090-42A9-A7CC-5EBC8C826C9F}.Debug|Any CPU.Build.0 = Debug|Any CPU
		{161E310F-1090-42A9-A7CC-5EBC8C826C9F}.Release|Any CPU.ActiveCfg = Release|Any CPU
		{161E310F-1090-42A9-A7CC-5EBC8C826C9F}.Release|Any CPU.Build.0 = Release|Any CPU
		{DE2FACE2-5D11-4C1C-8829-5F7D49BFBF8E}.Debug|Any CPU.ActiveCfg = Debug|Any CPU
		{DE2FACE2-5D11-4C1C-8829-5F7D49BFBF8E}.Debug|Any CPU.Build.0 = Debug|Any CPU
		{DE2FACE2-5D11-4C1C-8829-5F7D49BFBF8E}.Release|Any CPU.ActiveCfg = Release|Any CPU
		{DE2FACE2-5D11-4C1C-8829-5F7D49BFBF8E}.Release|Any CPU.Build.0 = Release|Any CPU
		{4256FFCA-02B1-4A6D-8B59-BFA88A828F17}.Debug|Any CPU.ActiveCfg = Debug|Any CPU
		{4256FFCA-02B1-4A6D-8B59-BFA88A828F17}.Debug|Any CPU.Build.0 = Debug|Any CPU
		{4256FFCA-02B1-4A6D-8B59-BFA88A828F17}.Release|Any CPU.ActiveCfg = Release|Any CPU
		{4256FFCA-02B1-4A6D-8B59-BFA88A828F17}.Release|Any CPU.Build.0 = Release|Any CPU
		{C85EE8E6-9A47-43B0-B61C-19ADD8C9C465}.Debug|Any CPU.ActiveCfg = Debug|Any CPU
		{C85EE8E6-9A47-43B0-B61C-19ADD8C9C465}.Debug|Any CPU.Build.0 = Debug|Any CPU
		{C85EE8E6-9A47-43B0-B61C-19ADD8C9C465}.Release|Any CPU.ActiveCfg = Release|Any CPU
		{C85EE8E6-9A47-43B0-B61C-19ADD8C9C465}.Release|Any CPU.Build.0 = Release|Any CPU
		{CC02FEB4-B587-47EC-9D1C-51938EC13C58}.Debug|Any CPU.ActiveCfg = Debug|Any CPU
		{CC02FEB4-B587-47EC-9D1C-51938EC13C58}.Debug|Any CPU.Build.0 = Debug|Any CPU
		{CC02FEB4-B587-47EC-9D1C-51938EC13C58}.Release|Any CPU.ActiveCfg = Release|Any CPU
		{CC02FEB4-B587-47EC-9D1C-51938EC13C58}.Release|Any CPU.Build.0 = Release|Any CPU
		{024B99C7-BE95-4152-890A-7981FC7D50BC}.Debug|Any CPU.ActiveCfg = Debug|Any CPU
		{024B99C7-BE95-4152-890A-7981FC7D50BC}.Debug|Any CPU.Build.0 = Debug|Any CPU
		{024B99C7-BE95-4152-890A-7981FC7D50BC}.Release|Any CPU.ActiveCfg = Release|Any CPU
		{024B99C7-BE95-4152-890A-7981FC7D50BC}.Release|Any CPU.Build.0 = Release|Any CPU
		{4A503E82-5F98-4C42-9DE7-4593984A116E}.Debug|Any CPU.ActiveCfg = Debug|Any CPU
		{4A503E82-5F98-4C42-9DE7-4593984A116E}.Debug|Any CPU.Build.0 = Debug|Any CPU
		{4A503E82-5F98-4C42-9DE7-4593984A116E}.Release|Any CPU.ActiveCfg = Release|Any CPU
		{4A503E82-5F98-4C42-9DE7-4593984A116E}.Release|Any CPU.Build.0 = Release|Any CPU
		{CDFA76DF-DFBB-436E-B9EF-49F422F7CC4C}.Debug|Any CPU.ActiveCfg = Debug|Any CPU
		{CDFA76DF-DFBB-436E-B9EF-49F422F7CC4C}.Debug|Any CPU.Build.0 = Debug|Any CPU
		{CDFA76DF-DFBB-436E-B9EF-49F422F7CC4C}.Release|Any CPU.ActiveCfg = Release|Any CPU
		{CDFA76DF-DFBB-436E-B9EF-49F422F7CC4C}.Release|Any CPU.Build.0 = Release|Any CPU
		{CE539125-9CA6-4ED1-9398-9895F046DD86}.Debug|Any CPU.ActiveCfg = Debug|Any CPU
		{CE539125-9CA6-4ED1-9398-9895F046DD86}.Debug|Any CPU.Build.0 = Debug|Any CPU
		{CE539125-9CA6-4ED1-9398-9895F046DD86}.Release|Any CPU.ActiveCfg = Release|Any CPU
		{CE539125-9CA6-4ED1-9398-9895F046DD86}.Release|Any CPU.Build.0 = Release|Any CPU
		{168C96A7-39E1-411F-84FF-D2EFB910EA6C}.Debug|Any CPU.ActiveCfg = Debug|Any CPU
		{168C96A7-39E1-411F-84FF-D2EFB910EA6C}.Debug|Any CPU.Build.0 = Debug|Any CPU
		{168C96A7-39E1-411F-84FF-D2EFB910EA6C}.Release|Any CPU.ActiveCfg = Release|Any CPU
		{168C96A7-39E1-411F-84FF-D2EFB910EA6C}.Release|Any CPU.Build.0 = Release|Any CPU
		{8B96946B-17A4-4DE4-8073-780EFF41B1D1}.Debug|Any CPU.ActiveCfg = Debug|Any CPU
		{8B96946B-17A4-4DE4-8073-780EFF41B1D1}.Debug|Any CPU.Build.0 = Debug|Any CPU
		{8B96946B-17A4-4DE4-8073-780EFF41B1D1}.Release|Any CPU.ActiveCfg = Release|Any CPU
		{8B96946B-17A4-4DE4-8073-780EFF41B1D1}.Release|Any CPU.Build.0 = Release|Any CPU
		{CEF2FF8D-36A4-43E4-A9FC-A5EA5D267887}.Debug|Any CPU.ActiveCfg = Debug|Any CPU
		{CEF2FF8D-36A4-43E4-A9FC-A5EA5D267887}.Debug|Any CPU.Build.0 = Debug|Any CPU
		{CEF2FF8D-36A4-43E4-A9FC-A5EA5D267887}.Release|Any CPU.ActiveCfg = Release|Any CPU
		{CEF2FF8D-36A4-43E4-A9FC-A5EA5D267887}.Release|Any CPU.Build.0 = Release|Any CPU
		{65904AE4-552B-4372-AC27-A4E85FD61662}.Debug|Any CPU.ActiveCfg = Debug|Any CPU
		{65904AE4-552B-4372-AC27-A4E85FD61662}.Debug|Any CPU.Build.0 = Debug|Any CPU
		{65904AE4-552B-4372-AC27-A4E85FD61662}.Release|Any CPU.ActiveCfg = Release|Any CPU
		{65904AE4-552B-4372-AC27-A4E85FD61662}.Release|Any CPU.Build.0 = Release|Any CPU
		{1081FEAE-D670-4AA2-893B-A2FED43A0347}.Debug|Any CPU.ActiveCfg = Debug|Any CPU
		{1081FEAE-D670-4AA2-893B-A2FED43A0347}.Debug|Any CPU.Build.0 = Debug|Any CPU
		{1081FEAE-D670-4AA2-893B-A2FED43A0347}.Release|Any CPU.ActiveCfg = Release|Any CPU
		{1081FEAE-D670-4AA2-893B-A2FED43A0347}.Release|Any CPU.Build.0 = Release|Any CPU
		{076B55DD-C4FB-42C6-86D0-A4829FD92EC1}.Debug|Any CPU.ActiveCfg = Debug|Any CPU
		{076B55DD-C4FB-42C6-86D0-A4829FD92EC1}.Debug|Any CPU.Build.0 = Debug|Any CPU
		{076B55DD-C4FB-42C6-86D0-A4829FD92EC1}.Release|Any CPU.ActiveCfg = Release|Any CPU
		{076B55DD-C4FB-42C6-86D0-A4829FD92EC1}.Release|Any CPU.Build.0 = Release|Any CPU
		{DD629B3C-CAAD-4973-BF3A-5F78995C02F4}.Debug|Any CPU.ActiveCfg = Debug|Any CPU
		{DD629B3C-CAAD-4973-BF3A-5F78995C02F4}.Debug|Any CPU.Build.0 = Debug|Any CPU
		{DD629B3C-CAAD-4973-BF3A-5F78995C02F4}.Release|Any CPU.ActiveCfg = Release|Any CPU
		{DD629B3C-CAAD-4973-BF3A-5F78995C02F4}.Release|Any CPU.Build.0 = Release|Any CPU
		{0F9BB65F-B4C7-409B-B56F-5B239281851E}.Debug|Any CPU.ActiveCfg = Debug|Any CPU
		{0F9BB65F-B4C7-409B-B56F-5B239281851E}.Debug|Any CPU.Build.0 = Debug|Any CPU
		{0F9BB65F-B4C7-409B-B56F-5B239281851E}.Release|Any CPU.ActiveCfg = Release|Any CPU
		{0F9BB65F-B4C7-409B-B56F-5B239281851E}.Release|Any CPU.Build.0 = Release|Any CPU
	EndGlobalSection
	GlobalSection(SolutionProperties) = preSolution
		HideSolutionNode = FALSE
	EndGlobalSection
	GlobalSection(NestedProjects) = preSolution
		{46790A0D-D39F-4453-B7C7-302E29D0737C} = {10846D26-D2AE-4C1E-8A58-B29BA850C795}
		{161E310F-1090-42A9-A7CC-5EBC8C826C9F} = {10846D26-D2AE-4C1E-8A58-B29BA850C795}
		{DE2FACE2-5D11-4C1C-8829-5F7D49BFBF8E} = {10846D26-D2AE-4C1E-8A58-B29BA850C795}
		{4256FFCA-02B1-4A6D-8B59-BFA88A828F17} = {8A81CB57-7E28-45E6-918D-CA2E4441740F}
		{C85EE8E6-9A47-43B0-B61C-19ADD8C9C465} = {8A81CB57-7E28-45E6-918D-CA2E4441740F}
		{CC02FEB4-B587-47EC-9D1C-51938EC13C58} = {8A81CB57-7E28-45E6-918D-CA2E4441740F}
		{024B99C7-BE95-4152-890A-7981FC7D50BC} = {ADA8D7D2-DCD7-4F3D-85E5-0BFC21F6ED4F}
		{4A503E82-5F98-4C42-9DE7-4593984A116E} = {ADA8D7D2-DCD7-4F3D-85E5-0BFC21F6ED4F}
		{CDFA76DF-DFBB-436E-B9EF-49F422F7CC4C} = {ADA8D7D2-DCD7-4F3D-85E5-0BFC21F6ED4F}
		{CE539125-9CA6-4ED1-9398-9895F046DD86} = {F032DFC6-0296-4241-81CA-08CFB2BB6D31}
		{168C96A7-39E1-411F-84FF-D2EFB910EA6C} = {F032DFC6-0296-4241-81CA-08CFB2BB6D31}
		{8B96946B-17A4-4DE4-8073-780EFF41B1D1} = {F032DFC6-0296-4241-81CA-08CFB2BB6D31}
		{CEF2FF8D-36A4-43E4-A9FC-A5EA5D267887} = {6212F9D1-EFE6-4407-964D-5CB16DCC3CCD}
		{65904AE4-552B-4372-AC27-A4E85FD61662} = {6212F9D1-EFE6-4407-964D-5CB16DCC3CCD}
		{1081FEAE-D670-4AA2-893B-A2FED43A0347} = {6212F9D1-EFE6-4407-964D-5CB16DCC3CCD}
		{076B55DD-C4FB-42C6-86D0-A4829FD92EC1} = {C55F93BA-36E9-4552-AA2D-5694B15C36E0}
		{DD629B3C-CAAD-4973-BF3A-5F78995C02F4} = {C55F93BA-36E9-4552-AA2D-5694B15C36E0}
		{0F9BB65F-B4C7-409B-B56F-5B239281851E} = {C55F93BA-36E9-4552-AA2D-5694B15C36E0}
	EndGlobalSection
	GlobalSection(ExtensibilityGlobals) = postSolution
		SolutionGuid = {FE2A5576-F523-426F-9759-AD5412DDBEAE}
	EndGlobalSection
EndGlobal
